
Microsoft Visual Studio Solution File, Format Version 12.00
# Visual Studio 14
VisualStudioVersion = 14.0.25420.1
MinimumVisualStudioVersion = 10.0.40219.1
Project("{FAE04EC0-301F-11D3-BF4B-00C04F79EFBC}") = "rail-it", "rail-it\rail-it.csproj", "{69CBCA2C-CDCC-4A45-AFD7-CE759A96F91B}"
EndProject
Global
	GlobalSection(SolutionConfigurationPlatforms) = preSolution
		Debug|Any CPU = Debug|Any CPU
		Release|Any CPU = Release|Any CPU
	EndGlobalSection
	GlobalSection(ProjectConfigurationPlatforms) = postSolution
		{69CBCA2C-CDCC-4A45-AFD7-CE759A96F91B}.Debug|Any CPU.ActiveCfg = Debug|Any CPU
		{69CBCA2C-CDCC-4A45-AFD7-CE759A96F91B}.Debug|Any CPU.Build.0 = Debug|Any CPU
		{69CBCA2C-CDCC-4A45-AFD7-CE759A96F91B}.Release|Any CPU.ActiveCfg = Release|Any CPU
		{69CBCA2C-CDCC-4A45-AFD7-CE759A96F91B}.Release|Any CPU.Build.0 = Release|Any CPU
	EndGlobalSection
	GlobalSection(SolutionProperties) = preSolution
		HideSolutionNode = FALSE
	EndGlobalSection
EndGlobal
